
Microsoft Visual Studio Solution File, Format Version 12.00
# Visual Studio Version 17
VisualStudioVersion = 17.5.33530.505
MinimumVisualStudioVersion = 10.0.40219.1
Project("{9A19103F-16F7-4668-BE54-9A1E7A4F7556}") = "WebAppMvcModel", "Sorce\WebAppMvcModel\WebAppMvcModel.csproj", "{13F38266-E55F-47BC-929E-C1758B9A22D5}"
EndProject
Project("{9A19103F-16F7-4668-BE54-9A1E7A4F7556}") = "WebAppMvcController", "Sorce\WebAppMvcController\WebAppMvcController.csproj", "{4AA0D138-AACB-4AED-8EE9-0176E79C2CAC}"
EndProject
Project("{9A19103F-16F7-4668-BE54-9A1E7A4F7556}") = "WebAppMvcView", "Sorce\WebAppMvcView\WebAppMvcView.csproj", "{9916A31C-6A80-4F23-88FB-7B9D1F2C58F5}"
EndProject
Project("{9A19103F-16F7-4668-BE54-9A1E7A4F7556}") = "WebAppMvcScaffold", "Sorce\WebAppMvcScaffold\WebAppMvcScaffold.csproj", "{4817BE14-573A-40D9-A2EA-B9DCFC9FA850}"
EndProject
Project("{9A19103F-16F7-4668-BE54-9A1E7A4F7556}") = "AspNet.MVC.DoZero", "Sorce\AspNet.MVC.DoZero\AspNet.MVC.DoZero.csproj", "{4216F654-863D-4DE7-8C0F-D07B5A81D0D0}"
EndProject
Project("{9A19103F-16F7-4668-BE54-9A1E7A4F7556}") = "WebAppMvcTagHelper", "Sorce\WebAppMvcTagHelper\WebAppMvcTagHelper.csproj", "{C98DDEC0-79EE-4C47-A305-B7A2E802A959}"
EndProject
Project("{9A19103F-16F7-4668-BE54-9A1E7A4F7556}") = "WebAppMvcArea", "Sorce\WebAppMvcArea\WebAppMvcArea.csproj", "{9F1D028F-0B36-46A0-B99D-6DADA6C3E246}"
EndProject
Project("{FAE04EC0-301F-11D3-BF4B-00C04F79EFBC}") = "WebAppInjecaoDependencia", "Sorce\WebAppInjecaoDependencia\WebAppInjecaoDependencia.csproj", "{FF0D28D3-4DE9-475C-949B-B287BDC4CCBD}"
EndProject
Project("{FAE04EC0-301F-11D3-BF4B-00C04F79EFBC}") = "WebAppEntityFramework", "Sorce\WebAppEntityFramework\WebAppEntityFramework.csproj", "{113AF2F1-CED9-4F30-AAD9-333CCF88C0CA}"
EndProject
Global
	GlobalSection(SolutionConfigurationPlatforms) = preSolution
		Debug|Any CPU = Debug|Any CPU
		Release|Any CPU = Release|Any CPU
	EndGlobalSection
	GlobalSection(ProjectConfigurationPlatforms) = postSolution
		{13F38266-E55F-47BC-929E-C1758B9A22D5}.Debug|Any CPU.ActiveCfg = Debug|Any CPU
		{13F38266-E55F-47BC-929E-C1758B9A22D5}.Debug|Any CPU.Build.0 = Debug|Any CPU
		{13F38266-E55F-47BC-929E-C1758B9A22D5}.Release|Any CPU.ActiveCfg = Release|Any CPU
		{13F38266-E55F-47BC-929E-C1758B9A22D5}.Release|Any CPU.Build.0 = Release|Any CPU
		{4AA0D138-AACB-4AED-8EE9-0176E79C2CAC}.Debug|Any CPU.ActiveCfg = Debug|Any CPU
		{4AA0D138-AACB-4AED-8EE9-0176E79C2CAC}.Debug|Any CPU.Build.0 = Debug|Any CPU
		{4AA0D138-AACB-4AED-8EE9-0176E79C2CAC}.Release|Any CPU.ActiveCfg = Release|Any CPU
		{4AA0D138-AACB-4AED-8EE9-0176E79C2CAC}.Release|Any CPU.Build.0 = Release|Any CPU
		{9916A31C-6A80-4F23-88FB-7B9D1F2C58F5}.Debug|Any CPU.ActiveCfg = Debug|Any CPU
		{9916A31C-6A80-4F23-88FB-7B9D1F2C58F5}.Debug|Any CPU.Build.0 = Debug|Any CPU
		{9916A31C-6A80-4F23-88FB-7B9D1F2C58F5}.Release|Any CPU.ActiveCfg = Release|Any CPU
		{9916A31C-6A80-4F23-88FB-7B9D1F2C58F5}.Release|Any CPU.Build.0 = Release|Any CPU
		{4817BE14-573A-40D9-A2EA-B9DCFC9FA850}.Debug|Any CPU.ActiveCfg = Debug|Any CPU
		{4817BE14-573A-40D9-A2EA-B9DCFC9FA850}.Debug|Any CPU.Build.0 = Debug|Any CPU
		{4817BE14-573A-40D9-A2EA-B9DCFC9FA850}.Release|Any CPU.ActiveCfg = Release|Any CPU
		{4817BE14-573A-40D9-A2EA-B9DCFC9FA850}.Release|Any CPU.Build.0 = Release|Any CPU
		{4216F654-863D-4DE7-8C0F-D07B5A81D0D0}.Debug|Any CPU.ActiveCfg = Debug|Any CPU
		{4216F654-863D-4DE7-8C0F-D07B5A81D0D0}.Debug|Any CPU.Build.0 = Debug|Any CPU
		{4216F654-863D-4DE7-8C0F-D07B5A81D0D0}.Release|Any CPU.ActiveCfg = Release|Any CPU
		{4216F654-863D-4DE7-8C0F-D07B5A81D0D0}.Release|Any CPU.Build.0 = Release|Any CPU
		{C98DDEC0-79EE-4C47-A305-B7A2E802A959}.Debug|Any CPU.ActiveCfg = Debug|Any CPU
		{C98DDEC0-79EE-4C47-A305-B7A2E802A959}.Debug|Any CPU.Build.0 = Debug|Any CPU
		{C98DDEC0-79EE-4C47-A305-B7A2E802A959}.Release|Any CPU.ActiveCfg = Release|Any CPU
		{C98DDEC0-79EE-4C47-A305-B7A2E802A959}.Release|Any CPU.Build.0 = Release|Any CPU
		{9F1D028F-0B36-46A0-B99D-6DADA6C3E246}.Debug|Any CPU.ActiveCfg = Debug|Any CPU
		{9F1D028F-0B36-46A0-B99D-6DADA6C3E246}.Debug|Any CPU.Build.0 = Debug|Any CPU
		{9F1D028F-0B36-46A0-B99D-6DADA6C3E246}.Release|Any CPU.ActiveCfg = Release|Any CPU
		{9F1D028F-0B36-46A0-B99D-6DADA6C3E246}.Release|Any CPU.Build.0 = Release|Any CPU
		{FF0D28D3-4DE9-475C-949B-B287BDC4CCBD}.Debug|Any CPU.ActiveCfg = Debug|Any CPU
		{FF0D28D3-4DE9-475C-949B-B287BDC4CCBD}.Debug|Any CPU.Build.0 = Debug|Any CPU
		{FF0D28D3-4DE9-475C-949B-B287BDC4CCBD}.Release|Any CPU.ActiveCfg = Release|Any CPU
		{FF0D28D3-4DE9-475C-949B-B287BDC4CCBD}.Release|Any CPU.Build.0 = Release|Any CPU
		{113AF2F1-CED9-4F30-AAD9-333CCF88C0CA}.Debug|Any CPU.ActiveCfg = Debug|Any CPU
		{113AF2F1-CED9-4F30-AAD9-333CCF88C0CA}.Debug|Any CPU.Build.0 = Debug|Any CPU
		{113AF2F1-CED9-4F30-AAD9-333CCF88C0CA}.Release|Any CPU.ActiveCfg = Release|Any CPU
		{113AF2F1-CED9-4F30-AAD9-333CCF88C0CA}.Release|Any CPU.Build.0 = Release|Any CPU
	EndGlobalSection
	GlobalSection(SolutionProperties) = preSolution
		HideSolutionNode = FALSE
	EndGlobalSection
	GlobalSection(ExtensibilityGlobals) = postSolution
		SolutionGuid = {9CAFC311-9EE7-42CE-9940-8656788BF533}
	EndGlobalSection
EndGlobal
